// !$*UTF8*$!
{
	archiveVersion = 1;
	classes = {
	};
	objectVersion = 50;
	objects = {

/* Begin PBXBuildFile section */
		2D62F5CF23E1D89600392603 /* AppDelegate.swift in Sources */ = {isa = PBXBuildFile; fileRef = 2D62F5CE23E1D89600392603 /* AppDelegate.swift */; };
		2D62F5D123E1D89600392603 /* SceneDelegate.swift in Sources */ = {isa = PBXBuildFile; fileRef = 2D62F5D023E1D89600392603 /* SceneDelegate.swift */; };
		2D62F5D323E1D89600392603 /* ContentView.swift in Sources */ = {isa = PBXBuildFile; fileRef = 2D62F5D223E1D89600392603 /* ContentView.swift */; };
		2D62F5D523E1D89C00392603 /* Assets.xcassets in Resources */ = {isa = PBXBuildFile; fileRef = 2D62F5D423E1D89C00392603 /* Assets.xcassets */; };
		2D62F5D823E1D89C00392603 /* Preview Assets.xcassets in Resources */ = {isa = PBXBuildFile; fileRef = 2D62F5D723E1D89C00392603 /* Preview Assets.xcassets */; };
		2D62F5DB23E1D89C00392603 /* LaunchScreen.storyboard in Resources */ = {isa = PBXBuildFile; fileRef = 2D62F5D923E1D89C00392603 /* LaunchScreen.storyboard */; };
/* End PBXBuildFile section */

/* Begin PBXFileReference section */
		2D62F5CB23E1D89600392603 /* GuesTheFlag.app */ = {isa = PBXFileReference; explicitFileType = wrapper.application; includeInIndex = 0; path = GuesTheFlag.app; sourceTree = BUILT_PRODUCTS_DIR; };
		2D62F5CE23E1D89600392603 /* AppDelegate.swift */ = {isa = PBXFileReference; lastKnownFileType = sourcecode.swift; path = AppDelegate.swift; sourceTree = "<group>"; };
		2D62F5D023E1D89600392603 /* SceneDelegate.swift */ = {isa = PBXFileReference; lastKnownFileType = sourcecode.swift; path = SceneDelegate.swift; sourceTree = "<group>"; };
		2D62F5D223E1D89600392603 /* ContentView.swift */ = {isa = PBXFileReference; lastKnownFileType = sourcecode.swift; path = ContentView.swift; sourceTree = "<group>"; };
		2D62F5D423E1D89C00392603 /* Assets.xcassets */ = {isa = PBXFileReference; lastKnownFileType = folder.assetcatalog; path = Assets.xcassets; sourceTree = "<group>"; };
		2D62F5D723E1D89C00392603 /* Preview Assets.xcassets */ = {isa = PBXFileReference; lastKnownFileType = folder.assetcatalog; path = "Preview Assets.xcassets"; sourceTree = "<group>"; };
		2D62F5DA23E1D89C00392603 /* Base */ = {isa = PBXFileReference; lastKnownFileType = file.storyboard; name = Base; path = Base.lproj/LaunchScreen.storyboard; sourceTree = "<group>"; };
		2D62F5DC23E1D89C00392603 /* Info.plist */ = {isa = PBXFileReference; lastKnownFileType = text.plist.xml; path = Info.plist; sourceTree = "<group>"; };
/* End PBXFileReference section */

/* Begin PBXFrameworksBuildPhase section */
		2D62F5C823E1D89600392603 /* Frameworks */ = {
			isa = PBXFrameworksBuildPhase;
			buildActionMask = 2147483647;
			files = (
			);
			runOnlyForDeploymentPostprocessing = 0;
		};
/* End PBXFrameworksBuildPhase section */

/* Begin PBXGroup section */
		2D62F5C223E1D89600392603 = {
			isa = PBXGroup;
			children = (
				2D62F5CD23E1D89600392603 /* GuesTheFlag */,
				2D62F5CC23E1D89600392603 /* Products */,
			);
			sourceTree = "<group>";
		};
		2D62F5CC23E1D89600392603 /* Products */ = {
			isa = PBXGroup;
			children = (
				2D62F5CB23E1D89600392603 /* GuesTheFlag.app */,
			);
			name = Products;
			sourceTree = "<group>";
		};
		2D62F5CD23E1D89600392603 /* GuesTheFlag */ = {
			isa = PBXGroup;
			children = (
				2D62F5CE23E1D89600392603 /* AppDelegate.swift */,
				2D62F5D023E1D89600392603 /* SceneDelegate.swift */,
				2D62F5D223E1D89600392603 /* ContentView.swift */,
				2D62F5D423E1D89C00392603 /* Assets.xcassets */,
				2D62F5D923E1D89C00392603 /* LaunchScreen.storyboard */,
				2D62F5DC23E1D89C00392603 /* Info.plist */,
				2D62F5D623E1D89C00392603 /* Preview Content */,
			);
			path = GuesTheFlag;
			sourceTree = "<group>";
		};
		2D62F5D623E1D89C00392603 /* Preview Content */ = {
			isa = PBXGroup;
			children = (
				2D62F5D723E1D89C00392603 /* Preview Assets.xcassets */,
			);
			path = "Preview Content";
			sourceTree = "<group>";
		};
/* End PBXGroup section */

/* Begin PBXNativeTarget section */
		2D62F5CA23E1D89600392603 /* GuesTheFlag */ = {
			isa = PBXNativeTarget;
			buildConfigurationList = 2D62F5DF23E1D89C00392603 /* Build configuration list for PBXNativeTarget "GuesTheFlag" */;
			buildPhases = (
				2D62F5C723E1D89600392603 /* Sources */,
				2D62F5C823E1D89600392603 /* Frameworks */,
				2D62F5C923E1D89600392603 /* Resources */,
			);
			buildRules = (
			);
			dependencies = (
			);
			name = GuesTheFlag;
			productName = GuesTheFlag;
			productReference = 2D62F5CB23E1D89600392603 /* GuesTheFlag.app */;
			productType = "com.apple.product-type.application";
		};
/* End PBXNativeTarget section */

/* Begin PBXProject section */
		2D62F5C323E1D89600392603 /* Project object */ = {
			isa = PBXProject;
			attributes = {
				LastSwiftUpdateCheck = 1130;
				LastUpgradeCheck = 1130;
				ORGANIZATIONNAME = "Максим";
				TargetAttributes = {
					2D62F5CA23E1D89600392603 = {
						CreatedOnToolsVersion = 11.3;
					};
				};
			};
			buildConfigurationList = 2D62F5C623E1D89600392603 /* Build configuration list for PBXProject "GuesTheFlag" */;
			compatibilityVersion = "Xcode 9.3";
			developmentRegion = en;
			hasScannedForEncodings = 0;
			knownRegions = (
				en,
				Base,
			);
			mainGroup = 2D62F5C223E1D89600392603;
			productRefGroup = 2D62F5CC23E1D89600392603 /* Products */;
			projectDirPath = "";
			projectRoot = "";
			targets = (
				2D62F5CA23E1D89600392603 /* GuesTheFlag */,
			);
		};
/* End PBXProject section */

/* Begin PBXResourcesBuildPhase section */
		2D62F5C923E1D89600392603 /* Resources */ = {
			isa = PBXResourcesBuildPhase;
			buildActionMask = 2147483647;
			files = (
				2D62F5DB23E1D89C00392603 /* LaunchScreen.storyboard in Resources */,
				2D62F5D823E1D89C00392603 /* Preview Assets.xcassets in Resources */,
				2D62F5D523E1D89C00392603 /* Assets.xcassets in Resources */,
			);
			runOnlyForDeploymentPostprocessing = 0;
		};
/* End PBXResourcesBuildPhase section */

/* Begin PBXSourcesBuildPhase section */
		2D62F5C723E1D89600392603 /* Sources */ = {
			isa = PBXSourcesBuildPhase;
			buildActionMask = 2147483647;
			files = (
				2D62F5CF23E1D89600392603 /* AppDelegate.swift in Sources */,
				2D62F5D123E1D89600392603 /* SceneDelegate.swift in Sources */,
				2D62F5D323E1D89600392603 /* ContentView.swift in Sources */,
			);
			runOnlyForDeploymentPostprocessing = 0;
		};
/* End PBXSourcesBuildPhase section */

/* Begin PBXVariantGroup section */
		2D62F5D923E1D89C00392603 /* LaunchScreen.storyboard */ = {
			isa = PBXVariantGroup;
			children = (
				2D62F5DA23E1D89C00392603 /* Base */,
			);
			name = LaunchScreen.storyboard;
			sourceTree = "<group>";
		};
/* End PBXVariantGroup section */

/* Begin XCBuildConfiguration section */
		2D62F5DD23E1D89C00392603 /* Debug */ = {
			isa = XCBuildConfiguration;
			buildSettings = {
				ALWAYS_SEARCH_USER_PATHS = NO;
				CLANG_ANALYZER_NONNULL = YES;
				CLANG_ANALYZER_NUMBER_OBJECT_CONVERSION = YES_AGGRESSIVE;
				CLANG_CXX_LANGUAGE_STANDARD = "gnu++14";
				CLANG_CXX_LIBRARY = "libc++";
				CLANG_ENABLE_MODULES = YES;
				CLANG_ENABLE_OBJC_ARC = YES;
				CLANG_ENABLE_OBJC_WEAK = YES;
				CLANG_WARN_BLOCK_CAPTURE_AUTORELEASING = YES;
				CLANG_WARN_BOOL_CONVERSION = YES;
				CLANG_WARN_COMMA = YES;
				CLANG_WARN_CONSTANT_CONVERSION = YES;
				CLANG_WARN_DEPRECATED_OBJC_IMPLEMENTATIONS = YES;
				CLANG_WARN_DIRECT_OBJC_ISA_USAGE = YES_ERROR;
				CLANG_WARN_DOCUMENTATION_COMMENTS = YES;
				CLANG_WARN_EMPTY_BODY = YES;
				CLANG_WARN_ENUM_CONVERSION = YES;
				CLANG_WARN_INFINITE_RECURSION = YES;
				CLANG_WARN_INT_CONVERSION = YES;
				CLANG_WARN_NON_LITERAL_NULL_CONVERSION = YES;
				CLANG_WARN_OBJC_IMPLICIT_RETAIN_SELF = YES;
				CLANG_WARN_OBJC_LITERAL_CONVERSION = YES;
				CLANG_WARN_OBJC_ROOT_CLASS = YES_ERROR;
				CLANG_WARN_RANGE_LOOP_ANALYSIS = YES;
				CLANG_WARN_STRICT_PROTOTYPES = YES;
				CLANG_WARN_SUSPICIOUS_MOVE = YES;
				CLANG_WARN_UNGUARDED_AVAILABILITY = YES_AGGRESSIVE;
				CLANG_WARN_UNREACHABLE_CODE = YES;
				CLANG_WARN__DUPLICATE_METHOD_MATCH = YES;
				COPY_PHASE_STRIP = NO;
				DEBUG_INFORMATION_FORMAT = dwarf;
				ENABLE_STRICT_OBJC_MSGSEND = YES;
				ENABLE_TESTABILITY = YES;
				GCC_C_LANGUAGE_STANDARD = gnu11;
				GCC_DYNAMIC_NO_PIC = NO;
				GCC_NO_COMMON_BLOCKS = YES;
				GCC_OPTIMIZATION_LEVEL = 0;
				GCC_PREPROCESSOR_DEFINITIONS = (
					"DEBUG=1",
					"$(inherited)",
				);
				GCC_WARN_64_TO_32_BIT_CONVERSION = YES;
				GCC_WARN_ABOUT_RETURN_TYPE = YES_ERROR;
				GCC_WARN_UNDECLARED_SELECTOR = YES;
				GCC_WARN_UNINITIALIZED_AUTOS = YES_AGGRESSIVE;
				GCC_WARN_UNUSED_FUNCTION = YES;
				GCC_WARN_UNUSED_VARIABLE = YES;
				IPHONEOS_DEPLOYMENT_TARGET = 13.2;
				MTL_ENABLE_DEBUG_INFO = INCLUDE_SOURCE;
				MTL_FAST_MATH = YES;
				ONLY_ACTIVE_ARCH = YES;
				SDKROOT = iphoneos;
				SWIFT_ACTIVE_COMPILATION_CONDITIONS = DEBUG;
				SWIFT_OPTIMIZATION_LEVEL = "-Onone";
			};
			name = Debug;
		};
		2D62F5DE23E1D89C00392603 /* Release */ = {
			isa = XCBuildConfiguration;
			buildSettings = {
				ALWAYS_SEARCH_USER_PATHS = NO;
				CLANG_ANALYZER_NONNULL = YES;
				CLANG_ANALYZER_NUMBER_OBJECT_CONVERSION = YES_AGGRESSIVE;
				CLANG_CXX_LANGUAGE_STANDARD = "gnu++14";
				CLANG_CXX_LIBRARY = "libc++";
				CLANG_ENABLE_MODULES = YES;
				CLANG_ENABLE_OBJC_ARC = YES;
				CLANG_ENABLE_OBJC_WEAK = YES;
				CLANG_WARN_BLOCK_CAPTURE_AUTORELEASING = YES;
				CLANG_WARN_BOOL_CONVERSION = YES;
				CLANG_WARN_COMMA = YES;
				CLANG_WARN_CONSTANT_CONVERSION = YES;
				CLANG_WARN_DEPRECATED_OBJC_IMPLEMENTATIONS = YES;
				CLANG_WARN_DIRECT_OBJC_ISA_USAGE = YES_ERROR;
				CLANG_WARN_DOCUMENTATION_COMMENTS = YES;
				CLANG_WARN_EMPTY_BODY = YES;
				CLANG_WARN_ENUM_CONVERSION = YES;
				CLANG_WARN_INFINITE_RECURSION = YES;
				CLANG_WARN_INT_CONVERSION = YES;
				CLANG_WARN_NON_LITERAL_NULL_CONVERSION = YES;
				CLANG_WARN_OBJC_IMPLICIT_RETAIN_SELF = YES;
				CLANG_WARN_OBJC_LITERAL_CONVERSION = YES;
				CLANG_WARN_OBJC_ROOT_CLASS = YES_ERROR;
				CLANG_WARN_RANGE_LOOP_ANALYSIS = YES;
				CLANG_WARN_STRICT_PROTOTYPES = YES;
				CLANG_WARN_SUSPICIOUS_MOVE = YES;
				CLANG_WARN_UNGUARDED_AVAILABILITY = YES_AGGRESSIVE;
				CLANG_WARN_UNREACHABLE_CODE = YES;
				CLANG_WARN__DUPLICATE_METHOD_MATCH = YES;
				COPY_PHASE_STRIP = NO;
				DEBUG_INFORMATION_FORMAT = "dwarf-with-dsym";
				ENABLE_NS_ASSERTIONS = NO;
				ENABLE_STRICT_OBJC_MSGSEND = YES;
				GCC_C_LANGUAGE_STANDARD = gnu11;
				GCC_NO_COMMON_BLOCKS = YES;
				GCC_WARN_64_TO_32_BIT_CONVERSION = YES;
				GCC_WARN_ABOUT_RETURN_TYPE = YES_ERROR;
				GCC_WARN_UNDECLARED_SELECTOR = YES;
				GCC_WARN_UNINITIALIZED_AUTOS = YES_AGGRESSIVE;
				GCC_WARN_UNUSED_FUNCTION = YES;
				GCC_WARN_UNUSED_VARIABLE = YES;
				IPHONEOS_DEPLOYMENT_TARGET = 13.2;
				MTL_ENABLE_DEBUG_INFO = NO;
				MTL_FAST_MATH = YES;
				SDKROOT = iphoneos;
				SWIFT_COMPILATION_MODE = wholemodule;
				SWIFT_OPTIMIZATION_LEVEL = "-O";
				VALIDATE_PRODUCT = YES;
			};
			name = Release;
		};
		2D62F5E023E1D89C00392603 /* Debug */ = {
			isa = XCBuildConfiguration;
			buildSettings = {
				ASSETCATALOG_COMPILER_APPICON_NAME = AppIcon;
				CODE_SIGN_STYLE = Automatic;
				DEVELOPMENT_ASSET_PATHS = "\"GuesTheFlag/Preview Content\"";
				DEVELOPMENT_TEAM = 76HGCC5C4H;
				ENABLE_PREVIEWS = YES;
				INFOPLIST_FILE = GuesTheFlag/Info.plist;
				LD_RUNPATH_SEARCH_PATHS = (
					"$(inherited)",
					"@executable_path/Frameworks",
				);
				PRODUCT_BUNDLE_IDENTIFIER = maks.GuesTheFlag;
				PRODUCT_NAME = "$(TARGET_NAME)";
				SWIFT_VERSION = 5.0;
				TARGETED_DEVICE_FAMILY = "1,2";
			};
			name = Debug;
		};
		2D62F5E123E1D89C00392603 /* Release */ = {
			isa = XCBuildConfiguration;
			buildSettings = {
				ASSETCATALOG_COMPILER_APPICON_NAME = AppIcon;
				CODE_SIGN_STYLE = Automatic;
				DEVELOPMENT_ASSET_PATHS = "\"GuesTheFlag/Preview Content\"";
				DEVELOPMENT_TEAM = 76HGCC5C4H;
				ENABLE_PREVIEWS = YES;
				INFOPLIST_FILE = GuesTheFlag/Info.plist;
				LD_RUNPATH_SEARCH_PATHS = (
					"$(inherited)",
					"@executable_path/Frameworks",
				);
				PRODUCT_BUNDLE_IDENTIFIER = maks.GuesTheFlag;
				PRODUCT_NAME = "$(TARGET_NAME)";
				SWIFT_VERSION = 5.0;
				TARGETED_DEVICE_FAMILY = "1,2";
			};
			name = Release;
		};
/* End XCBuildConfiguration section */

/* Begin XCConfigurationList section */
		2D62F5C623E1D89600392603 /* Build configuration list for PBXProject "GuesTheFlag" */ = {
			isa = XCConfigurationList;
			buildConfigurations = (
				2D62F5DD23E1D89C00392603 /* Debug */,
				2D62F5DE23E1D89C00392603 /* Release */,
			);
			defaultConfigurationIsVisible = 0;
			defaultConfigurationName = Release;
		};
		2D62F5DF23E1D89C00392603 /* Build configuration list for PBXNativeTarget "GuesTheFlag" */ = {
			isa = XCConfigurationList;
			buildConfigurations = (
				2D62F5E023E1D89C00392603 /* Debug */,
				2D62F5E123E1D89C00392603 /* Release */,
			);
			defaultConfigurationIsVisible = 0;
			defaultConfigurationName = Release;
		};
/* End XCConfigurationList section */
	};
	rootObject = 2D62F5C323E1D89600392603 /* Project object */;
}
